<Solution>
  <Folder Name="/docs/">
    <File Path="README.md" />
  </Folder>
  <Folder Name="/sample/">
    <Project Path="sample/Atc.Kusto.Analyzer.Sample/Atc.Kusto.Analyzer.Sample.csproj" />
    <Project Path="sample/Atc.Kusto.Api.Client.Sample/Atc.Kusto.Api.Client.Sample.csproj" />
    <Project Path="sample/Atc.Kusto.Api.Sample/Atc.Kusto.Api.Sample.csproj" />
    <Project Path="sample/Atc.Kusto.HealthCheck.Sample/Atc.Kusto.HealthCheck.Sample.csproj" />
    <Project Path="sample/Atc.Kusto.Sample/Atc.Kusto.Sample.csproj" />
  </Folder>
  <Folder Name="/src/">
    <Project Path="src/Atc.Kusto.Analyzer/Atc.Kusto.Analyzer.csproj" />
    <Project Path="src/Atc.Kusto/Atc.Kusto.csproj" />
  </Folder>
  <Folder Name="/test/">
    <Project Path="test/Atc.Kusto.Analyzer.Tests/Atc.Kusto.Analyzer.Tests.csproj" />
    <Project Path="test/Atc.Kusto.Tests/Atc.Kusto.Tests.csproj" />
  </Folder>
</Solution>
